// !$*UTF8*$!
{
	archiveVersion = 1;
	classes = {
	};
	objectVersion = 46;
	objects = {

/* Begin PBXBuildFile section */
		42E40E761B6D4DE700D865EF /* main.swift in Sources */ = {isa = PBXBuildFile; fileRef = 42E40E751B6D4DE700D865EF /* main.swift */; };
		42E40E801B6D4E0E00D865EF /* Stack.swift in Sources */ = {isa = PBXBuildFile; fileRef = 42E40E7F1B6D4E0E00D865EF /* Stack.swift */; };
/* End PBXBuildFile section */

/* Begin PBXCopyFilesBuildPhase section */
		42E40E701B6D4DE700D865EF /* CopyFiles */ = {
			isa = PBXCopyFilesBuildPhase;
			buildActionMask = 2147483647;
			dstPath = /usr/share/man/man1/;
			dstSubfolderSpec = 0;
			files = (
			);
			runOnlyForDeploymentPostprocessing = 1;
		};
/* End PBXCopyFilesBuildPhase section */

/* Begin PBXFileReference section */
		42E40E721B6D4DE700D865EF /* Stack-Sample */ = {isa = PBXFileReference; explicitFileType = "compiled.mach-o.executable"; includeInIndex = 0; path = "Stack-Sample"; sourceTree = BUILT_PRODUCTS_DIR; };
		42E40E751B6D4DE700D865EF /* main.swift */ = {isa = PBXFileReference; lastKnownFileType = sourcecode.swift; path = main.swift; sourceTree = "<group>"; };
		42E40E7F1B6D4E0E00D865EF /* Stack.swift */ = {isa = PBXFileReference; fileEncoding = 4; lastKnownFileType = sourcecode.swift; path = Stack.swift; sourceTree = "<group>"; };
/* End PBXFileReference section */

/* Begin PBXFrameworksBuildPhase section */
		42E40E6F1B6D4DE700D865EF /* Frameworks */ = {
			isa = PBXFrameworksBuildPhase;
			buildActionMask = 2147483647;
			files = (
			);
			runOnlyForDeploymentPostprocessing = 0;
		};
/* End PBXFrameworksBuildPhase section */

/* Begin PBXGroup section */
		42E40E691B6D4DE700D865EF = {
			isa = PBXGroup;
			children = (
				42E40E741B6D4DE700D865EF /* Stack */,
				42E40E7C1B6D4E0000D865EF /* Source */,
				42E40E731B6D4DE700D865EF /* Products */,
			);
			sourceTree = "<group>";
		};
		42E40E731B6D4DE700D865EF /* Products */ = {
			isa = PBXGroup;
			children = (
				42E40E721B6D4DE700D865EF /* Stack-Sample */,
			);
			name = Products;
			sourceTree = "<group>";
		};
		42E40E741B6D4DE700D865EF /* Stack */ = {
			isa = PBXGroup;
			children = (
				42E40E751B6D4DE700D865EF /* main.swift */,
			);
			path = Stack;
			sourceTree = "<group>";
		};
		42E40E7C1B6D4E0000D865EF /* Source */ = {
			isa = PBXGroup;
			children = (
				42E40E7F1B6D4E0E00D865EF /* Stack.swift */,
			);
			name = Source;
			path = ../../Source;
			sourceTree = "<group>";
		};
/* End PBXGroup section */

/* Begin PBXNativeTarget section */
		42E40E711B6D4DE700D865EF /* Stack-Sample */ = {
			isa = PBXNativeTarget;
			buildConfigurationList = 42E40E791B6D4DE700D865EF /* Build configuration list for PBXNativeTarget "Stack-Sample" */;
			buildPhases = (
				42E40E6E1B6D4DE700D865EF /* Sources */,
				42E40E6F1B6D4DE700D865EF /* Frameworks */,
				42E40E701B6D4DE700D865EF /* CopyFiles */,
			);
			buildRules = (
			);
			dependencies = (
			);
			name = "Stack-Sample";
			productName = Stack;
			productReference = 42E40E721B6D4DE700D865EF /* Stack-Sample */;
			productType = "com.apple.product-type.tool";
		};
/* End PBXNativeTarget section */

/* Begin PBXProject section */
		42E40E6A1B6D4DE700D865EF /* Project object */ = {
			isa = PBXProject;
			attributes = {
				LastUpgradeCheck = 0640;
				ORGANIZATIONNAME = skyylex;
				TargetAttributes = {
					42E40E711B6D4DE700D865EF = {
						CreatedOnToolsVersion = 6.4;
					};
				};
			};
			buildConfigurationList = 42E40E6D1B6D4DE700D865EF /* Build configuration list for PBXProject "Stack-Sample" */;
			compatibilityVersion = "Xcode 3.2";
			developmentRegion = English;
			hasScannedForEncodings = 0;
			knownRegions = (
				en,
			);
			mainGroup = 42E40E691B6D4DE700D865EF;
			productRefGroup = 42E40E731B6D4DE700D865EF /* Products */;
			projectDirPath = "";
			projectRoot = "";
			targets = (
				42E40E711B6D4DE700D865EF /* Stack-Sample */,
			);
		};
/* End PBXProject section */

/* Begin PBXSourcesBuildPhase section */
		42E40E6E1B6D4DE700D865EF /* Sources */ = {
			isa = PBXSourcesBuildPhase;
			buildActionMask = 2147483647;
			files = (
				42E40E801B6D4E0E00D865EF /* Stack.swift in Sources */,
				42E40E761B6D4DE700D865EF /* main.swift in Sources */,
			);
			runOnlyForDeploymentPostprocessing = 0;
		};
/* End PBXSourcesBuildPhase section */

/* Begin XCBuildConfiguration section */
		42E40E771B6D4DE700D865EF /* Debug */ = {
			isa = XCBuildConfiguration;
			buildSettings = {
				ALWAYS_SEARCH_USER_PATHS = NO;
				CLANG_CXX_LANGUAGE_STANDARD = "gnu++0x";
				CLANG_CXX_LIBRARY = "libc++";
				CLANG_ENABLE_MODULES = YES;
				CLANG_ENABLE_OBJC_ARC = YES;
				CLANG_WARN_BOOL_CONVERSION = YES;
				CLANG_WARN_CONSTANT_CONVERSION = YES;
				CLANG_WARN_DIRECT_OBJC_ISA_USAGE = YES_ERROR;
				CLANG_WARN_EMPTY_BODY = YES;
				CLANG_WARN_ENUM_CONVERSION = YES;
				CLANG_WARN_INT_CONVERSION = YES;
				CLANG_WARN_OBJC_ROOT_CLASS = YES_ERROR;
				CLANG_WARN_UNREACHABLE_CODE = YES;
				CLANG_WARN__DUPLICATE_METHOD_MATCH = YES;
				COPY_PHASE_STRIP = NO;
				DEBUG_INFORMATION_FORMAT = dwarf;
				ENABLE_STRICT_OBJC_MSGSEND = YES;
				GCC_C_LANGUAGE_STANDARD = gnu99;
				GCC_DYNAMIC_NO_PIC = NO;
				GCC_NO_COMMON_BLOCKS = YES;
				GCC_OPTIMIZATION_LEVEL = 0;
				GCC_PREPROCESSOR_DEFINITIONS = (
					"DEBUG=1",
					"$(inherited)",
				);
				GCC_SYMBOLS_PRIVATE_EXTERN = NO;
				GCC_WARN_64_TO_32_BIT_CONVERSION = YES;
				GCC_WARN_ABOUT_RETURN_TYPE = YES_ERROR;
				GCC_WARN_UNDECLARED_SELECTOR = YES;
				GCC_WARN_UNINITIALIZED_AUTOS = YES_AGGRESSIVE;
				GCC_WARN_UNUSED_FUNCTION = YES;
				GCC_WARN_UNUSED_VARIABLE = YES;
				MACOSX_DEPLOYMENT_TARGET = 10.10;
				MTL_ENABLE_DEBUG_INFO = YES;
				ONLY_ACTIVE_ARCH = YES;
				SDKROOT = macosx;
				SWIFT_OPTIMIZATION_LEVEL = "-Onone";
			};
			name = Debug;
		};
		42E40E781B6D4DE700D865EF /* Release */ = {
			isa = XCBuildConfiguration;
			buildSettings = {
				ALWAYS_SEARCH_USER_PATHS = NO;
				CLANG_CXX_LANGUAGE_STANDARD = "gnu++0x";
				CLANG_CXX_LIBRARY = "libc++";
				CLANG_ENABLE_MODULES = YES;
				CLANG_ENABLE_OBJC_ARC = YES;
				CLANG_WARN_BOOL_CONVERSION = YES;
				CLANG_WARN_CONSTANT_CONVERSION = YES;
				CLANG_WARN_DIRECT_OBJC_ISA_USAGE = YES_ERROR;
				CLANG_WARN_EMPTY_BODY = YES;
				CLANG_WARN_ENUM_CONVERSION = YES;
				CLANG_WARN_INT_CONVERSION = YES;
				CLANG_WARN_OBJC_ROOT_CLASS = YES_ERROR;
				CLANG_WARN_UNREACHABLE_CODE = YES;
				CLANG_WARN__DUPLICATE_METHOD_MATCH = YES;
				COPY_PHASE_STRIP = NO;
				DEBUG_INFORMATION_FORMAT = "dwarf-with-dsym";
				ENABLE_NS_ASSERTIONS = NO;
				ENABLE_STRICT_OBJC_MSGSEND = YES;
				GCC_C_LANGUAGE_STANDARD = gnu99;
				GCC_NO_COMMON_BLOCKS = YES;
				GCC_WARN_64_TO_32_BIT_CONVERSION = YES;
				GCC_WARN_ABOUT_RETURN_TYPE = YES_ERROR;
				GCC_WARN_UNDECLARED_SELECTOR = YES;
				GCC_WARN_UNINITIALIZED_AUTOS = YES_AGGRESSIVE;
				GCC_WARN_UNUSED_FUNCTION = YES;
				GCC_WARN_UNUSED_VARIABLE = YES;
				MACOSX_DEPLOYMENT_TARGET = 10.10;
				MTL_ENABLE_DEBUG_INFO = NO;
				SDKROOT = macosx;
			};
			name = Release;
		};
		42E40E7A1B6D4DE700D865EF /* Debug */ = {
			isa = XCBuildConfiguration;
			buildSettings = {
				PRODUCT_NAME = "Stack-Sample";
			};
			name = Debug;
		};
		42E40E7B1B6D4DE700D865EF /* Release */ = {
			isa = XCBuildConfiguration;
			buildSettings = {
				PRODUCT_NAME = "Stack-Sample";
			};
			name = Release;
		};
/* End XCBuildConfiguration section */

/* Begin XCConfigurationList section */
		42E40E6D1B6D4DE700D865EF /* Build configuration list for PBXProject "Stack-Sample" */ = {
			isa = XCConfigurationList;
			buildConfigurations = (
				42E40E771B6D4DE700D865EF /* Debug */,
				42E40E781B6D4DE700D865EF /* Release */,
			);
			defaultConfigurationIsVisible = 0;
			defaultConfigurationName = Release;
		};
		42E40E791B6D4DE700D865EF /* Build configuration list for PBXNativeTarget "Stack-Sample" */ = {
			isa = XCConfigurationList;
			buildConfigurations = (
				42E40E7A1B6D4DE700D865EF /* Debug */,
				42E40E7B1B6D4DE700D865EF /* Release */,
			);
			defaultConfigurationIsVisible = 0;
		};
/* End XCConfigurationList section */
	};
	rootObject = 42E40E6A1B6D4DE700D865EF /* Project object */;
}
