// !$*UTF8*$!
{
	archiveVersion = 1;
	classes = {
	};
	objectVersion = 46;
	objects = {

/* Begin PBXBuildFile section */
		421E91581B6A8B4B00695517 /* BinaryTree.swift in Sources */ = {isa = PBXBuildFile; fileRef = 421E91571B6A8B4B00695517 /* BinaryTree.swift */; };
		426F51601B68D61600CBCA7F /* main.swift in Sources */ = {isa = PBXBuildFile; fileRef = 426F515F1B68D61600CBCA7F /* main.swift */; };
/* End PBXBuildFile section */

/* Begin PBXCopyFilesBuildPhase section */
		426F515A1B68D61600CBCA7F /* CopyFiles */ = {
			isa = PBXCopyFilesBuildPhase;
			buildActionMask = 2147483647;
			dstPath = /usr/share/man/man1/;
			dstSubfolderSpec = 0;
			files = (
			);
			runOnlyForDeploymentPostprocessing = 1;
		};
/* End PBXCopyFilesBuildPhase section */

/* Begin PBXFileReference section */
		421E91571B6A8B4B00695517 /* BinaryTree.swift */ = {isa = PBXFileReference; fileEncoding = 4; lastKnownFileType = sourcecode.swift; name = BinaryTree.swift; path = ../../../Source/BinaryTree.swift; sourceTree = "<group>"; };
		426F515C1B68D61600CBCA7F /* BinaryTree-Sample */ = {isa = PBXFileReference; explicitFileType = "compiled.mach-o.executable"; includeInIndex = 0; path = "BinaryTree-Sample"; sourceTree = BUILT_PRODUCTS_DIR; };
		426F515F1B68D61600CBCA7F /* main.swift */ = {isa = PBXFileReference; lastKnownFileType = sourcecode.swift; path = main.swift; sourceTree = "<group>"; };
/* End PBXFileReference section */

/* Begin PBXFrameworksBuildPhase section */
		426F51591B68D61600CBCA7F /* Frameworks */ = {
			isa = PBXFrameworksBuildPhase;
			buildActionMask = 2147483647;
			files = (
			);
			runOnlyForDeploymentPostprocessing = 0;
		};
/* End PBXFrameworksBuildPhase section */

/* Begin PBXGroup section */
		426F51531B68D61600CBCA7F = {
			isa = PBXGroup;
			children = (
				426F51681B68D63400CBCA7F /* Source */,
				426F515E1B68D61600CBCA7F /* BinaryTree-Sample */,
				426F515D1B68D61600CBCA7F /* Products */,
			);
			sourceTree = "<group>";
		};
		426F515D1B68D61600CBCA7F /* Products */ = {
			isa = PBXGroup;
			children = (
				426F515C1B68D61600CBCA7F /* BinaryTree-Sample */,
			);
			name = Products;
			sourceTree = "<group>";
		};
		426F515E1B68D61600CBCA7F /* BinaryTree-Sample */ = {
			isa = PBXGroup;
			children = (
				426F515F1B68D61600CBCA7F /* main.swift */,
			);
			path = "BinaryTree-Sample";
			sourceTree = "<group>";
		};
		426F51681B68D63400CBCA7F /* Source */ = {
			isa = PBXGroup;
			children = (
				421E91571B6A8B4B00695517 /* BinaryTree.swift */,
			);
			name = Source;
			path = "BinaryTree-Sample";
			sourceTree = "<group>";
		};
/* End PBXGroup section */

/* Begin PBXNativeTarget section */
		426F515B1B68D61600CBCA7F /* BinaryTree-Sample */ = {
			isa = PBXNativeTarget;
			buildConfigurationList = 426F51631B68D61600CBCA7F /* Build configuration list for PBXNativeTarget "BinaryTree-Sample" */;
			buildPhases = (
				426F51581B68D61600CBCA7F /* Sources */,
				426F51591B68D61600CBCA7F /* Frameworks */,
				426F515A1B68D61600CBCA7F /* CopyFiles */,
			);
			buildRules = (
			);
			dependencies = (
			);
			name = "BinaryTree-Sample";
			productName = "BinaryTree-Sample";
			productReference = 426F515C1B68D61600CBCA7F /* BinaryTree-Sample */;
			productType = "com.apple.product-type.tool";
		};
/* End PBXNativeTarget section */

/* Begin PBXProject section */
		426F51541B68D61600CBCA7F /* Project object */ = {
			isa = PBXProject;
			attributes = {
				LastUpgradeCheck = 0640;
				ORGANIZATIONNAME = skyylex;
				TargetAttributes = {
					426F515B1B68D61600CBCA7F = {
						CreatedOnToolsVersion = 6.4;
					};
				};
			};
			buildConfigurationList = 426F51571B68D61600CBCA7F /* Build configuration list for PBXProject "BinaryTree-Sample" */;
			compatibilityVersion = "Xcode 3.2";
			developmentRegion = English;
			hasScannedForEncodings = 0;
			knownRegions = (
				en,
			);
			mainGroup = 426F51531B68D61600CBCA7F;
			productRefGroup = 426F515D1B68D61600CBCA7F /* Products */;
			projectDirPath = "";
			projectRoot = "";
			targets = (
				426F515B1B68D61600CBCA7F /* BinaryTree-Sample */,
			);
		};
/* End PBXProject section */

/* Begin PBXSourcesBuildPhase section */
		426F51581B68D61600CBCA7F /* Sources */ = {
			isa = PBXSourcesBuildPhase;
			buildActionMask = 2147483647;
			files = (
				421E91581B6A8B4B00695517 /* BinaryTree.swift in Sources */,
				426F51601B68D61600CBCA7F /* main.swift in Sources */,
			);
			runOnlyForDeploymentPostprocessing = 0;
		};
/* End PBXSourcesBuildPhase section */

/* Begin XCBuildConfiguration section */
		426F51611B68D61600CBCA7F /* Debug */ = {
			isa = XCBuildConfiguration;
			buildSettings = {
				ALWAYS_SEARCH_USER_PATHS = NO;
				CLANG_CXX_LANGUAGE_STANDARD = "gnu++0x";
				CLANG_CXX_LIBRARY = "libc++";
				CLANG_ENABLE_MODULES = YES;
				CLANG_ENABLE_OBJC_ARC = YES;
				CLANG_WARN_BOOL_CONVERSION = YES;
				CLANG_WARN_CONSTANT_CONVERSION = YES;
				CLANG_WARN_DIRECT_OBJC_ISA_USAGE = YES_ERROR;
				CLANG_WARN_EMPTY_BODY = YES;
				CLANG_WARN_ENUM_CONVERSION = YES;
				CLANG_WARN_INT_CONVERSION = YES;
				CLANG_WARN_OBJC_ROOT_CLASS = YES_ERROR;
				CLANG_WARN_UNREACHABLE_CODE = YES;
				CLANG_WARN__DUPLICATE_METHOD_MATCH = YES;
				COPY_PHASE_STRIP = NO;
				DEBUG_INFORMATION_FORMAT = dwarf;
				ENABLE_STRICT_OBJC_MSGSEND = YES;
				GCC_C_LANGUAGE_STANDARD = gnu99;
				GCC_DYNAMIC_NO_PIC = NO;
				GCC_NO_COMMON_BLOCKS = YES;
				GCC_OPTIMIZATION_LEVEL = 0;
				GCC_PREPROCESSOR_DEFINITIONS = (
					"DEBUG=1",
					"$(inherited)",
				);
				GCC_SYMBOLS_PRIVATE_EXTERN = NO;
				GCC_WARN_64_TO_32_BIT_CONVERSION = YES;
				GCC_WARN_ABOUT_RETURN_TYPE = YES_ERROR;
				GCC_WARN_UNDECLARED_SELECTOR = YES;
				GCC_WARN_UNINITIALIZED_AUTOS = YES_AGGRESSIVE;
				GCC_WARN_UNUSED_FUNCTION = YES;
				GCC_WARN_UNUSED_VARIABLE = YES;
				MACOSX_DEPLOYMENT_TARGET = 10.10;
				MTL_ENABLE_DEBUG_INFO = YES;
				ONLY_ACTIVE_ARCH = YES;
				SDKROOT = macosx;
				SWIFT_OPTIMIZATION_LEVEL = "-Onone";
			};
			name = Debug;
		};
		426F51621B68D61600CBCA7F /* Release */ = {
			isa = XCBuildConfiguration;
			buildSettings = {
				ALWAYS_SEARCH_USER_PATHS = NO;
				CLANG_CXX_LANGUAGE_STANDARD = "gnu++0x";
				CLANG_CXX_LIBRARY = "libc++";
				CLANG_ENABLE_MODULES = YES;
				CLANG_ENABLE_OBJC_ARC = YES;
				CLANG_WARN_BOOL_CONVERSION = YES;
				CLANG_WARN_CONSTANT_CONVERSION = YES;
				CLANG_WARN_DIRECT_OBJC_ISA_USAGE = YES_ERROR;
				CLANG_WARN_EMPTY_BODY = YES;
				CLANG_WARN_ENUM_CONVERSION = YES;
				CLANG_WARN_INT_CONVERSION = YES;
				CLANG_WARN_OBJC_ROOT_CLASS = YES_ERROR;
				CLANG_WARN_UNREACHABLE_CODE = YES;
				CLANG_WARN__DUPLICATE_METHOD_MATCH = YES;
				COPY_PHASE_STRIP = NO;
				DEBUG_INFORMATION_FORMAT = "dwarf-with-dsym";
				ENABLE_NS_ASSERTIONS = NO;
				ENABLE_STRICT_OBJC_MSGSEND = YES;
				GCC_C_LANGUAGE_STANDARD = gnu99;
				GCC_NO_COMMON_BLOCKS = YES;
				GCC_WARN_64_TO_32_BIT_CONVERSION = YES;
				GCC_WARN_ABOUT_RETURN_TYPE = YES_ERROR;
				GCC_WARN_UNDECLARED_SELECTOR = YES;
				GCC_WARN_UNINITIALIZED_AUTOS = YES_AGGRESSIVE;
				GCC_WARN_UNUSED_FUNCTION = YES;
				GCC_WARN_UNUSED_VARIABLE = YES;
				MACOSX_DEPLOYMENT_TARGET = 10.10;
				MTL_ENABLE_DEBUG_INFO = NO;
				SDKROOT = macosx;
			};
			name = Release;
		};
		426F51641B68D61600CBCA7F /* Debug */ = {
			isa = XCBuildConfiguration;
			buildSettings = {
				PRODUCT_NAME = "$(TARGET_NAME)";
			};
			name = Debug;
		};
		426F51651B68D61600CBCA7F /* Release */ = {
			isa = XCBuildConfiguration;
			buildSettings = {
				PRODUCT_NAME = "$(TARGET_NAME)";
			};
			name = Release;
		};
/* End XCBuildConfiguration section */

/* Begin XCConfigurationList section */
		426F51571B68D61600CBCA7F /* Build configuration list for PBXProject "BinaryTree-Sample" */ = {
			isa = XCConfigurationList;
			buildConfigurations = (
				426F51611B68D61600CBCA7F /* Debug */,
				426F51621B68D61600CBCA7F /* Release */,
			);
			defaultConfigurationIsVisible = 0;
			defaultConfigurationName = Release;
		};
		426F51631B68D61600CBCA7F /* Build configuration list for PBXNativeTarget "BinaryTree-Sample" */ = {
			isa = XCConfigurationList;
			buildConfigurations = (
				426F51641B68D61600CBCA7F /* Debug */,
				426F51651B68D61600CBCA7F /* Release */,
			);
			defaultConfigurationIsVisible = 0;
			defaultConfigurationName = Release;
		};
/* End XCConfigurationList section */
	};
	rootObject = 426F51541B68D61600CBCA7F /* Project object */;
}
